// !$*UTF8*$!
{
	archiveVersion = 1;
	classes = {
	};
	objectVersion = 56;
	objects = {

/* Begin PBXBuildFile section */
		400720E22C74EB20008AC431 /* Pow_LearningApp.swift in Sources */ = {isa = PBXBuildFile; fileRef = 400720E12C74EB20008AC431 /* Pow_LearningApp.swift */; };
		400720E42C74EB20008AC431 /* ContentView.swift in Sources */ = {isa = PBXBuildFile; fileRef = 400720E32C74EB20008AC431 /* ContentView.swift */; };
		400720E62C74EB21008AC431 /* Assets.xcassets in Resources */ = {isa = PBXBuildFile; fileRef = 400720E52C74EB21008AC431 /* Assets.xcassets */; };
		400720E92C74EB21008AC431 /* Preview Assets.xcassets in Resources */ = {isa = PBXBuildFile; fileRef = 400720E82C74EB21008AC431 /* Preview Assets.xcassets */; };
		400720F32C74ECEF008AC431 /* WhileEffect.swift in Sources */ = {isa = PBXBuildFile; fileRef = 400720F22C74ECEF008AC431 /* WhileEffect.swift */; };
		400720F52C74EDA0008AC431 /* AnyContinuousEffect.swift in Sources */ = {isa = PBXBuildFile; fileRef = 400720F42C74EDA0008AC431 /* AnyContinuousEffect.swift */; };
		400720F82C74EDE9008AC431 /* PushDownEffect.swift in Sources */ = {isa = PBXBuildFile; fileRef = 400720F72C74EDE9008AC431 /* PushDownEffect.swift */; };
/* End PBXBuildFile section */

/* Begin PBXFileReference section */
		400720DE2C74EB20008AC431 /* Pow_Learning.app */ = {isa = PBXFileReference; explicitFileType = wrapper.application; includeInIndex = 0; path = Pow_Learning.app; sourceTree = BUILT_PRODUCTS_DIR; };
		400720E12C74EB20008AC431 /* Pow_LearningApp.swift */ = {isa = PBXFileReference; lastKnownFileType = sourcecode.swift; path = Pow_LearningApp.swift; sourceTree = "<group>"; };
		400720E32C74EB20008AC431 /* ContentView.swift */ = {isa = PBXFileReference; lastKnownFileType = sourcecode.swift; path = ContentView.swift; sourceTree = "<group>"; };
		400720E52C74EB21008AC431 /* Assets.xcassets */ = {isa = PBXFileReference; lastKnownFileType = folder.assetcatalog; path = Assets.xcassets; sourceTree = "<group>"; };
		400720E82C74EB21008AC431 /* Preview Assets.xcassets */ = {isa = PBXFileReference; lastKnownFileType = folder.assetcatalog; path = "Preview Assets.xcassets"; sourceTree = "<group>"; };
		400720F22C74ECEF008AC431 /* WhileEffect.swift */ = {isa = PBXFileReference; lastKnownFileType = sourcecode.swift; path = WhileEffect.swift; sourceTree = "<group>"; };
		400720F42C74EDA0008AC431 /* AnyContinuousEffect.swift */ = {isa = PBXFileReference; lastKnownFileType = sourcecode.swift; path = AnyContinuousEffect.swift; sourceTree = "<group>"; };
		400720F72C74EDE9008AC431 /* PushDownEffect.swift */ = {isa = PBXFileReference; lastKnownFileType = sourcecode.swift; path = PushDownEffect.swift; sourceTree = "<group>"; };
/* End PBXFileReference section */

/* Begin PBXFrameworksBuildPhase section */
		400720DB2C74EB20008AC431 /* Frameworks */ = {
			isa = PBXFrameworksBuildPhase;
			buildActionMask = 2147483647;
			files = (
			);
			runOnlyForDeploymentPostprocessing = 0;
		};
/* End PBXFrameworksBuildPhase section */

/* Begin PBXGroup section */
		400720D52C74EB20008AC431 = {
			isa = PBXGroup;
			children = (
				400720E02C74EB20008AC431 /* Pow_Learning */,
				400720DF2C74EB20008AC431 /* Products */,
			);
			sourceTree = "<group>";
		};
		400720DF2C74EB20008AC431 /* Products */ = {
			isa = PBXGroup;
			children = (
				400720DE2C74EB20008AC431 /* Pow_Learning.app */,
			);
			name = Products;
			sourceTree = "<group>";
		};
		400720E02C74EB20008AC431 /* Pow_Learning */ = {
			isa = PBXGroup;
			children = (
				400720EF2C74ECCF008AC431 /* Sources */,
				400720E12C74EB20008AC431 /* Pow_LearningApp.swift */,
				400720E32C74EB20008AC431 /* ContentView.swift */,
				400720E52C74EB21008AC431 /* Assets.xcassets */,
				400720E72C74EB21008AC431 /* Preview Content */,
			);
			path = Pow_Learning;
			sourceTree = "<group>";
		};
		400720E72C74EB21008AC431 /* Preview Content */ = {
			isa = PBXGroup;
			children = (
				400720E82C74EB21008AC431 /* Preview Assets.xcassets */,
			);
			path = "Preview Content";
			sourceTree = "<group>";
		};
		400720EF2C74ECCF008AC431 /* Sources */ = {
			isa = PBXGroup;
			children = (
				400720F02C74ECDA008AC431 /* Pow */,
			);
			path = Sources;
			sourceTree = "<group>";
		};
		400720F02C74ECDA008AC431 /* Pow */ = {
			isa = PBXGroup;
			children = (
				400720F62C74EDDF008AC431 /* Effects */,
				400720F12C74ECE4008AC431 /* Infrastructure */,
			);
			path = Pow;
			sourceTree = "<group>";
		};
		400720F12C74ECE4008AC431 /* Infrastructure */ = {
			isa = PBXGroup;
			children = (
				400720F22C74ECEF008AC431 /* WhileEffect.swift */,
				400720F42C74EDA0008AC431 /* AnyContinuousEffect.swift */,
			);
			path = Infrastructure;
			sourceTree = "<group>";
		};
		400720F62C74EDDF008AC431 /* Effects */ = {
			isa = PBXGroup;
			children = (
				400720F72C74EDE9008AC431 /* PushDownEffect.swift */,
			);
			path = Effects;
			sourceTree = "<group>";
		};
/* End PBXGroup section */

/* Begin PBXNativeTarget section */
		400720DD2C74EB20008AC431 /* Pow_Learning */ = {
			isa = PBXNativeTarget;
			buildConfigurationList = 400720EC2C74EB21008AC431 /* Build configuration list for PBXNativeTarget "Pow_Learning" */;
			buildPhases = (
				400720DA2C74EB20008AC431 /* Sources */,
				400720DB2C74EB20008AC431 /* Frameworks */,
				400720DC2C74EB20008AC431 /* Resources */,
			);
			buildRules = (
			);
			dependencies = (
			);
			name = Pow_Learning;
			productName = Pow_Learning;
			productReference = 400720DE2C74EB20008AC431 /* Pow_Learning.app */;
			productType = "com.apple.product-type.application";
		};
/* End PBXNativeTarget section */

/* Begin PBXProject section */
		400720D62C74EB20008AC431 /* Project object */ = {
			isa = PBXProject;
			attributes = {
				BuildIndependentTargetsInParallel = 1;
				LastSwiftUpdateCheck = 1540;
				LastUpgradeCheck = 1540;
				TargetAttributes = {
					400720DD2C74EB20008AC431 = {
						CreatedOnToolsVersion = 15.4;
					};
				};
			};
			buildConfigurationList = 400720D92C74EB20008AC431 /* Build configuration list for PBXProject "Pow_Learning" */;
			compatibilityVersion = "Xcode 14.0";
			developmentRegion = en;
			hasScannedForEncodings = 0;
			knownRegions = (
				en,
				Base,
			);
			mainGroup = 400720D52C74EB20008AC431;
			productRefGroup = 400720DF2C74EB20008AC431 /* Products */;
			projectDirPath = "";
			projectRoot = "";
			targets = (
				400720DD2C74EB20008AC431 /* Pow_Learning */,
			);
		};
/* End PBXProject section */

/* Begin PBXResourcesBuildPhase section */
		400720DC2C74EB20008AC431 /* Resources */ = {
			isa = PBXResourcesBuildPhase;
			buildActionMask = 2147483647;
			files = (
				400720E92C74EB21008AC431 /* Preview Assets.xcassets in Resources */,
				400720E62C74EB21008AC431 /* Assets.xcassets in Resources */,
			);
			runOnlyForDeploymentPostprocessing = 0;
		};
/* End PBXResourcesBuildPhase section */

/* Begin PBXSourcesBuildPhase section */
		400720DA2C74EB20008AC431 /* Sources */ = {
			isa = PBXSourcesBuildPhase;
			buildActionMask = 2147483647;
			files = (
				400720F52C74EDA0008AC431 /* AnyContinuousEffect.swift in Sources */,
				400720E42C74EB20008AC431 /* ContentView.swift in Sources */,
				400720F32C74ECEF008AC431 /* WhileEffect.swift in Sources */,
				400720E22C74EB20008AC431 /* Pow_LearningApp.swift in Sources */,
				400720F82C74EDE9008AC431 /* PushDownEffect.swift in Sources */,
			);
			runOnlyForDeploymentPostprocessing = 0;
		};
/* End PBXSourcesBuildPhase section */

/* Begin XCBuildConfiguration section */
		400720EA2C74EB21008AC431 /* Debug */ = {
			isa = XCBuildConfiguration;
			buildSettings = {
				ALWAYS_SEARCH_USER_PATHS = NO;
				ASSETCATALOG_COMPILER_GENERATE_SWIFT_ASSET_SYMBOL_EXTENSIONS = YES;
				CLANG_ANALYZER_NONNULL = YES;
				CLANG_ANALYZER_NUMBER_OBJECT_CONVERSION = YES_AGGRESSIVE;
				CLANG_CXX_LANGUAGE_STANDARD = "gnu++20";
				CLANG_ENABLE_MODULES = YES;
				CLANG_ENABLE_OBJC_ARC = YES;
				CLANG_ENABLE_OBJC_WEAK = YES;
				CLANG_WARN_BLOCK_CAPTURE_AUTORELEASING = YES;
				CLANG_WARN_BOOL_CONVERSION = YES;
				CLANG_WARN_COMMA = YES;
				CLANG_WARN_CONSTANT_CONVERSION = YES;
				CLANG_WARN_DEPRECATED_OBJC_IMPLEMENTATIONS = YES;
				CLANG_WARN_DIRECT_OBJC_ISA_USAGE = YES_ERROR;
				CLANG_WARN_DOCUMENTATION_COMMENTS = YES;
				CLANG_WARN_EMPTY_BODY = YES;
				CLANG_WARN_ENUM_CONVERSION = YES;
				CLANG_WARN_INFINITE_RECURSION = YES;
				CLANG_WARN_INT_CONVERSION = YES;
				CLANG_WARN_NON_LITERAL_NULL_CONVERSION = YES;
				CLANG_WARN_OBJC_IMPLICIT_RETAIN_SELF = YES;
				CLANG_WARN_OBJC_LITERAL_CONVERSION = YES;
				CLANG_WARN_OBJC_ROOT_CLASS = YES_ERROR;
				CLANG_WARN_QUOTED_INCLUDE_IN_FRAMEWORK_HEADER = YES;
				CLANG_WARN_RANGE_LOOP_ANALYSIS = YES;
				CLANG_WARN_STRICT_PROTOTYPES = YES;
				CLANG_WARN_SUSPICIOUS_MOVE = YES;
				CLANG_WARN_UNGUARDED_AVAILABILITY = YES_AGGRESSIVE;
				CLANG_WARN_UNREACHABLE_CODE = YES;
				CLANG_WARN__DUPLICATE_METHOD_MATCH = YES;
				COPY_PHASE_STRIP = NO;
				DEBUG_INFORMATION_FORMAT = dwarf;
				ENABLE_STRICT_OBJC_MSGSEND = YES;
				ENABLE_TESTABILITY = YES;
				ENABLE_USER_SCRIPT_SANDBOXING = YES;
				GCC_C_LANGUAGE_STANDARD = gnu17;
				GCC_DYNAMIC_NO_PIC = NO;
				GCC_NO_COMMON_BLOCKS = YES;
				GCC_OPTIMIZATION_LEVEL = 0;
				GCC_PREPROCESSOR_DEFINITIONS = (
					"DEBUG=1",
					"$(inherited)",
				);
				GCC_WARN_64_TO_32_BIT_CONVERSION = YES;
				GCC_WARN_ABOUT_RETURN_TYPE = YES_ERROR;
				GCC_WARN_UNDECLARED_SELECTOR = YES;
				GCC_WARN_UNINITIALIZED_AUTOS = YES_AGGRESSIVE;
				GCC_WARN_UNUSED_FUNCTION = YES;
				GCC_WARN_UNUSED_VARIABLE = YES;
				IPHONEOS_DEPLOYMENT_TARGET = 17.5;
				LOCALIZATION_PREFERS_STRING_CATALOGS = YES;
				MTL_ENABLE_DEBUG_INFO = INCLUDE_SOURCE;
				MTL_FAST_MATH = YES;
				ONLY_ACTIVE_ARCH = YES;
				SDKROOT = iphoneos;
				SWIFT_ACTIVE_COMPILATION_CONDITIONS = "DEBUG $(inherited)";
				SWIFT_OPTIMIZATION_LEVEL = "-Onone";
			};
			name = Debug;
		};
		400720EB2C74EB21008AC431 /* Release */ = {
			isa = XCBuildConfiguration;
			buildSettings = {
				ALWAYS_SEARCH_USER_PATHS = NO;
				ASSETCATALOG_COMPILER_GENERATE_SWIFT_ASSET_SYMBOL_EXTENSIONS = YES;
				CLANG_ANALYZER_NONNULL = YES;
				CLANG_ANALYZER_NUMBER_OBJECT_CONVERSION = YES_AGGRESSIVE;
				CLANG_CXX_LANGUAGE_STANDARD = "gnu++20";
				CLANG_ENABLE_MODULES = YES;
				CLANG_ENABLE_OBJC_ARC = YES;
				CLANG_ENABLE_OBJC_WEAK = YES;
				CLANG_WARN_BLOCK_CAPTURE_AUTORELEASING = YES;
				CLANG_WARN_BOOL_CONVERSION = YES;
				CLANG_WARN_COMMA = YES;
				CLANG_WARN_CONSTANT_CONVERSION = YES;
				CLANG_WARN_DEPRECATED_OBJC_IMPLEMENTATIONS = YES;
				CLANG_WARN_DIRECT_OBJC_ISA_USAGE = YES_ERROR;
				CLANG_WARN_DOCUMENTATION_COMMENTS = YES;
				CLANG_WARN_EMPTY_BODY = YES;
				CLANG_WARN_ENUM_CONVERSION = YES;
				CLANG_WARN_INFINITE_RECURSION = YES;
				CLANG_WARN_INT_CONVERSION = YES;
				CLANG_WARN_NON_LITERAL_NULL_CONVERSION = YES;
				CLANG_WARN_OBJC_IMPLICIT_RETAIN_SELF = YES;
				CLANG_WARN_OBJC_LITERAL_CONVERSION = YES;
				CLANG_WARN_OBJC_ROOT_CLASS = YES_ERROR;
				CLANG_WARN_QUOTED_INCLUDE_IN_FRAMEWORK_HEADER = YES;
				CLANG_WARN_RANGE_LOOP_ANALYSIS = YES;
				CLANG_WARN_STRICT_PROTOTYPES = YES;
				CLANG_WARN_SUSPICIOUS_MOVE = YES;
				CLANG_WARN_UNGUARDED_AVAILABILITY = YES_AGGRESSIVE;
				CLANG_WARN_UNREACHABLE_CODE = YES;
				CLANG_WARN__DUPLICATE_METHOD_MATCH = YES;
				COPY_PHASE_STRIP = NO;
				DEBUG_INFORMATION_FORMAT = "dwarf-with-dsym";
				ENABLE_NS_ASSERTIONS = NO;
				ENABLE_STRICT_OBJC_MSGSEND = YES;
				ENABLE_USER_SCRIPT_SANDBOXING = YES;
				GCC_C_LANGUAGE_STANDARD = gnu17;
				GCC_NO_COMMON_BLOCKS = YES;
				GCC_WARN_64_TO_32_BIT_CONVERSION = YES;
				GCC_WARN_ABOUT_RETURN_TYPE = YES_ERROR;
				GCC_WARN_UNDECLARED_SELECTOR = YES;
				GCC_WARN_UNINITIALIZED_AUTOS = YES_AGGRESSIVE;
				GCC_WARN_UNUSED_FUNCTION = YES;
				GCC_WARN_UNUSED_VARIABLE = YES;
				IPHONEOS_DEPLOYMENT_TARGET = 17.5;
				LOCALIZATION_PREFERS_STRING_CATALOGS = YES;
				MTL_ENABLE_DEBUG_INFO = NO;
				MTL_FAST_MATH = YES;
				SDKROOT = iphoneos;
				SWIFT_COMPILATION_MODE = wholemodule;
				VALIDATE_PRODUCT = YES;
			};
			name = Release;
		};
		400720ED2C74EB21008AC431 /* Debug */ = {
			isa = XCBuildConfiguration;
			buildSettings = {
				ASSETCATALOG_COMPILER_APPICON_NAME = AppIcon;
				ASSETCATALOG_COMPILER_GLOBAL_ACCENT_COLOR_NAME = AccentColor;
				CODE_SIGN_STYLE = Automatic;
				CURRENT_PROJECT_VERSION = 1;
				DEVELOPMENT_ASSET_PATHS = "\"Pow_Learning/Preview Content\"";
				DEVELOPMENT_TEAM = U4M8YXDL9F;
				ENABLE_PREVIEWS = YES;
				GENERATE_INFOPLIST_FILE = YES;
				INFOPLIST_KEY_UIApplicationSceneManifest_Generation = YES;
				INFOPLIST_KEY_UIApplicationSupportsIndirectInputEvents = YES;
				INFOPLIST_KEY_UILaunchScreen_Generation = YES;
				INFOPLIST_KEY_UISupportedInterfaceOrientations_iPad = "UIInterfaceOrientationPortrait UIInterfaceOrientationPortraitUpsideDown UIInterfaceOrientationLandscapeLeft UIInterfaceOrientationLandscapeRight";
				INFOPLIST_KEY_UISupportedInterfaceOrientations_iPhone = "UIInterfaceOrientationPortrait UIInterfaceOrientationLandscapeLeft UIInterfaceOrientationLandscapeRight";
				LD_RUNPATH_SEARCH_PATHS = (
					"$(inherited)",
					"@executable_path/Frameworks",
				);
				MARKETING_VERSION = 1.0;
				PRODUCT_BUNDLE_IDENTIFIER = "com.anony.Pow-Learning";
				PRODUCT_NAME = "$(TARGET_NAME)";
				SWIFT_EMIT_LOC_STRINGS = YES;
				SWIFT_VERSION = 5.0;
				TARGETED_DEVICE_FAMILY = "1,2";
			};
			name = Debug;
		};
		400720EE2C74EB21008AC431 /* Release */ = {
			isa = XCBuildConfiguration;
			buildSettings = {
				ASSETCATALOG_COMPILER_APPICON_NAME = AppIcon;
				ASSETCATALOG_COMPILER_GLOBAL_ACCENT_COLOR_NAME = AccentColor;
				CODE_SIGN_STYLE = Automatic;
				CURRENT_PROJECT_VERSION = 1;
				DEVELOPMENT_ASSET_PATHS = "\"Pow_Learning/Preview Content\"";
				DEVELOPMENT_TEAM = U4M8YXDL9F;
				ENABLE_PREVIEWS = YES;
				GENERATE_INFOPLIST_FILE = YES;
				INFOPLIST_KEY_UIApplicationSceneManifest_Generation = YES;
				INFOPLIST_KEY_UIApplicationSupportsIndirectInputEvents = YES;
				INFOPLIST_KEY_UILaunchScreen_Generation = YES;
				INFOPLIST_KEY_UISupportedInterfaceOrientations_iPad = "UIInterfaceOrientationPortrait UIInterfaceOrientationPortraitUpsideDown UIInterfaceOrientationLandscapeLeft UIInterfaceOrientationLandscapeRight";
				INFOPLIST_KEY_UISupportedInterfaceOrientations_iPhone = "UIInterfaceOrientationPortrait UIInterfaceOrientationLandscapeLeft UIInterfaceOrientationLandscapeRight";
				LD_RUNPATH_SEARCH_PATHS = (
					"$(inherited)",
					"@executable_path/Frameworks",
				);
				MARKETING_VERSION = 1.0;
				PRODUCT_BUNDLE_IDENTIFIER = "com.anony.Pow-Learning";
				PRODUCT_NAME = "$(TARGET_NAME)";
				SWIFT_EMIT_LOC_STRINGS = YES;
				SWIFT_VERSION = 5.0;
				TARGETED_DEVICE_FAMILY = "1,2";
			};
			name = Release;
		};
/* End XCBuildConfiguration section */

/* Begin XCConfigurationList section */
		400720D92C74EB20008AC431 /* Build configuration list for PBXProject "Pow_Learning" */ = {
			isa = XCConfigurationList;
			buildConfigurations = (
				400720EA2C74EB21008AC431 /* Debug */,
				400720EB2C74EB21008AC431 /* Release */,
			);
			defaultConfigurationIsVisible = 0;
			defaultConfigurationName = Release;
		};
		400720EC2C74EB21008AC431 /* Build configuration list for PBXNativeTarget "Pow_Learning" */ = {
			isa = XCConfigurationList;
			buildConfigurations = (
				400720ED2C74EB21008AC431 /* Debug */,
				400720EE2C74EB21008AC431 /* Release */,
			);
			defaultConfigurationIsVisible = 0;
			defaultConfigurationName = Release;
		};
/* End XCConfigurationList section */
	};
	rootObject = 400720D62C74EB20008AC431 /* Project object */;
}
